
Microsoft Visual Studio Solution File, Format Version 12.00
# Visual Studio Version 16
VisualStudioVersion = 16.0.29318.209
MinimumVisualStudioVersion = 10.0.40219.1
Project("{FAE04EC0-301F-11D3-BF4B-00C04F79EFBC}") = "VotingSystem", "VotingSystem\VotingSystem.csproj", "{CBAD5BCC-3DCF-40F5-8138-D981F55218A1}"
EndProject
Global
	GlobalSection(SolutionConfigurationPlatforms) = preSolution
		Debug|Any CPU = Debug|Any CPU
		Release|Any CPU = Release|Any CPU
	EndGlobalSection
	GlobalSection(ProjectConfigurationPlatforms) = postSolution
		{CBAD5BCC-3DCF-40F5-8138-D981F55218A1}.Debug|Any CPU.ActiveCfg = Debug|Any CPU
		{CBAD5BCC-3DCF-40F5-8138-D981F55218A1}.Debug|Any CPU.Build.0 = Debug|Any CPU
		{CBAD5BCC-3DCF-40F5-8138-D981F55218A1}.Release|Any CPU.ActiveCfg = Release|Any CPU
		{CBAD5BCC-3DCF-40F5-8138-D981F55218A1}.Release|Any CPU.Build.0 = Release|Any CPU
	EndGlobalSection
	GlobalSection(SolutionProperties) = preSolution
		HideSolutionNode = FALSE
	EndGlobalSection
	GlobalSection(ExtensibilityGlobals) = postSolution
		SolutionGuid = {91212211-B819-44AE-A824-17B30E75BB12}
	EndGlobalSection
EndGlobal
